
Microsoft Visual Studio Solution File, Format Version 12.00
# Visual Studio Version 17
VisualStudioVersion = 17.3.32825.248
MinimumVisualStudioVersion = 10.0.40219.1
Project("{FAE04EC0-301F-11D3-BF4B-00C04F79EFBC}") = "ConsoleApp", "ConsoleApp\ConsoleApp.csproj", "{3DB9C6FC-BC09-448C-939E-E90B0016F190}"
EndProject
Project("{FAE04EC0-301F-11D3-BF4B-00C04F79EFBC}") = "TestProject", "TestProject\TestProject.csproj", "{236F3468-D585-4888-B5F7-AB8612E6955F}"
EndProject
Global
	GlobalSection(SolutionConfigurationPlatforms) = preSolution
		Debug|Any CPU = Debug|Any CPU
		Release|Any CPU = Release|Any CPU
	EndGlobalSection
	GlobalSection(ProjectConfigurationPlatforms) = postSolution
		{3DB9C6FC-BC09-448C-939E-E90B0016F190}.Debug|Any CPU.ActiveCfg = Debug|Any CPU
		{3DB9C6FC-BC09-448C-939E-E90B0016F190}.Debug|Any CPU.Build.0 = Debug|Any CPU
		{3DB9C6FC-BC09-448C-939E-E90B0016F190}.Release|Any CPU.ActiveCfg = Release|Any CPU
		{3DB9C6FC-BC09-448C-939E-E90B0016F190}.Release|Any CPU.Build.0 = Release|Any CPU
		{236F3468-D585-4888-B5F7-AB8612E6955F}.Debug|Any CPU.ActiveCfg = Debug|Any CPU
		{236F3468-D585-4888-B5F7-AB8612E6955F}.Debug|Any CPU.Build.0 = Debug|Any CPU
		{236F3468-D585-4888-B5F7-AB8612E6955F}.Release|Any CPU.ActiveCfg = Release|Any CPU
		{236F3468-D585-4888-B5F7-AB8612E6955F}.Release|Any CPU.Build.0 = Release|Any CPU
	EndGlobalSection
	GlobalSection(SolutionProperties) = preSolution
		HideSolutionNode = FALSE
	EndGlobalSection
	GlobalSection(ExtensibilityGlobals) = postSolution
		SolutionGuid = {72B3760E-A413-4B45-91E9-E82C9FDF15DD}
	EndGlobalSection
EndGlobal
